
Microsoft Visual Studio Solution File, Format Version 12.00
# Visual Studio Version 16
VisualStudioVersion = 16.0.29806.167
MinimumVisualStudioVersion = 10.0.40219.1
Project("{9A19103F-16F7-4668-BE54-9A1E7A4F7556}") = "z.ETL", "ETL\z.ETL.csproj", "{3250B623-C421-4DE6-9583-8BCE707458BB}"
EndProject
Global
	GlobalSection(SolutionConfigurationPlatforms) = preSolution
		Debug|Any CPU = Debug|Any CPU
		Release|Any CPU = Release|Any CPU
	EndGlobalSection
	GlobalSection(ProjectConfigurationPlatforms) = postSolution
		{3250B623-C421-4DE6-9583-8BCE707458BB}.Debug|Any CPU.ActiveCfg = Debug|Any CPU
		{3250B623-C421-4DE6-9583-8BCE707458BB}.Debug|Any CPU.Build.0 = Debug|Any CPU
		{3250B623-C421-4DE6-9583-8BCE707458BB}.Release|Any CPU.ActiveCfg = Release|Any CPU
		{3250B623-C421-4DE6-9583-8BCE707458BB}.Release|Any CPU.Build.0 = Release|Any CPU
	EndGlobalSection
	GlobalSection(SolutionProperties) = preSolution
		HideSolutionNode = FALSE
	EndGlobalSection
	GlobalSection(ExtensibilityGlobals) = postSolution
		SolutionGuid = {9700AE25-C894-469F-8F1C-4CA4F58ED59C}
	EndGlobalSection
EndGlobal
